
Microsoft Visual Studio Solution File, Format Version 12.00
# Visual Studio Version 16
VisualStudioVersion = 16.0.30717.126
MinimumVisualStudioVersion = 10.0.40219.1
Project("{FAE04EC0-301F-11D3-BF4B-00C04F79EFBC}") = "Onsale.Web", "Onsale.Web\Onsale.Web.csproj", "{68494B64-9689-4116-A047-E43E2E75775B}"
EndProject
Project("{FAE04EC0-301F-11D3-BF4B-00C04F79EFBC}") = "Onsale.Common", "Onsale.Common\Onsale.Common.csproj", "{D18B6A26-4CB1-454A-81A3-039FA46776ED}"
EndProject
Global
	GlobalSection(SolutionConfigurationPlatforms) = preSolution
		Debug|Any CPU = Debug|Any CPU
		Release|Any CPU = Release|Any CPU
	EndGlobalSection
	GlobalSection(ProjectConfigurationPlatforms) = postSolution
		{68494B64-9689-4116-A047-E43E2E75775B}.Debug|Any CPU.ActiveCfg = Debug|Any CPU
		{68494B64-9689-4116-A047-E43E2E75775B}.Debug|Any CPU.Build.0 = Debug|Any CPU
		{68494B64-9689-4116-A047-E43E2E75775B}.Release|Any CPU.ActiveCfg = Release|Any CPU
		{68494B64-9689-4116-A047-E43E2E75775B}.Release|Any CPU.Build.0 = Release|Any CPU
		{D18B6A26-4CB1-454A-81A3-039FA46776ED}.Debug|Any CPU.ActiveCfg = Debug|Any CPU
		{D18B6A26-4CB1-454A-81A3-039FA46776ED}.Debug|Any CPU.Build.0 = Debug|Any CPU
		{D18B6A26-4CB1-454A-81A3-039FA46776ED}.Release|Any CPU.ActiveCfg = Release|Any CPU
		{D18B6A26-4CB1-454A-81A3-039FA46776ED}.Release|Any CPU.Build.0 = Release|Any CPU
	EndGlobalSection
	GlobalSection(SolutionProperties) = preSolution
		HideSolutionNode = FALSE
	EndGlobalSection
	GlobalSection(ExtensibilityGlobals) = postSolution
		SolutionGuid = {43F92329-FE9E-45CE-94B4-D8501F7BE105}
	EndGlobalSection
EndGlobal
